
Microsoft Visual Studio Solution File, Format Version 12.00
Project("{FAE04EC0-301F-11D3-BF4B-00C04F79EFBC}") = "Core", "Core\Core.csproj", "{97BCF115-7C21-44F2-B9F9-602EA285429C}"
EndProject
Project("{FAE04EC0-301F-11D3-BF4B-00C04F79EFBC}") = "Business", "Business\Business.csproj", "{44E2648E-C6AE-4A4C-81C4-3E401CE9D6ED}"
EndProject
Project("{FAE04EC0-301F-11D3-BF4B-00C04F79EFBC}") = "Utils", "Utils\Utils.csproj", "{E2854366-3C37-46BD-B40F-BE4207AC8328}"
EndProject
Project("{FAE04EC0-301F-11D3-BF4B-00C04F79EFBC}") = "Data", "Data\Data.csproj", "{3E345C68-019C-4AF0-8981-16184A21561C}"
EndProject
Project("{FAE04EC0-301F-11D3-BF4B-00C04F79EFBC}") = "WebUi", "WebUi\WebUi.csproj", "{E0347047-C4DE-4512-A0F6-E5926159CC27}"
EndProject
Global
	GlobalSection(SolutionConfigurationPlatforms) = preSolution
		Debug|Any CPU = Debug|Any CPU
		Release|Any CPU = Release|Any CPU
	EndGlobalSection
	GlobalSection(ProjectConfigurationPlatforms) = postSolution
		{97BCF115-7C21-44F2-B9F9-602EA285429C}.Debug|Any CPU.ActiveCfg = Debug|Any CPU
		{97BCF115-7C21-44F2-B9F9-602EA285429C}.Debug|Any CPU.Build.0 = Debug|Any CPU
		{97BCF115-7C21-44F2-B9F9-602EA285429C}.Release|Any CPU.ActiveCfg = Release|Any CPU
		{97BCF115-7C21-44F2-B9F9-602EA285429C}.Release|Any CPU.Build.0 = Release|Any CPU
		{44E2648E-C6AE-4A4C-81C4-3E401CE9D6ED}.Debug|Any CPU.ActiveCfg = Debug|Any CPU
		{44E2648E-C6AE-4A4C-81C4-3E401CE9D6ED}.Debug|Any CPU.Build.0 = Debug|Any CPU
		{44E2648E-C6AE-4A4C-81C4-3E401CE9D6ED}.Release|Any CPU.ActiveCfg = Release|Any CPU
		{44E2648E-C6AE-4A4C-81C4-3E401CE9D6ED}.Release|Any CPU.Build.0 = Release|Any CPU
		{E2854366-3C37-46BD-B40F-BE4207AC8328}.Debug|Any CPU.ActiveCfg = Debug|Any CPU
		{E2854366-3C37-46BD-B40F-BE4207AC8328}.Debug|Any CPU.Build.0 = Debug|Any CPU
		{E2854366-3C37-46BD-B40F-BE4207AC8328}.Release|Any CPU.ActiveCfg = Release|Any CPU
		{E2854366-3C37-46BD-B40F-BE4207AC8328}.Release|Any CPU.Build.0 = Release|Any CPU
		{3E345C68-019C-4AF0-8981-16184A21561C}.Debug|Any CPU.ActiveCfg = Debug|Any CPU
		{3E345C68-019C-4AF0-8981-16184A21561C}.Debug|Any CPU.Build.0 = Debug|Any CPU
		{3E345C68-019C-4AF0-8981-16184A21561C}.Release|Any CPU.ActiveCfg = Release|Any CPU
		{3E345C68-019C-4AF0-8981-16184A21561C}.Release|Any CPU.Build.0 = Release|Any CPU
		{E0347047-C4DE-4512-A0F6-E5926159CC27}.Debug|Any CPU.ActiveCfg = Debug|Any CPU
		{E0347047-C4DE-4512-A0F6-E5926159CC27}.Debug|Any CPU.Build.0 = Debug|Any CPU
		{E0347047-C4DE-4512-A0F6-E5926159CC27}.Release|Any CPU.ActiveCfg = Release|Any CPU
		{E0347047-C4DE-4512-A0F6-E5926159CC27}.Release|Any CPU.Build.0 = Release|Any CPU
	EndGlobalSection
EndGlobal
